# THIS IS AN AUTOGENERATED FILE. DO NOT EDIT THIS FILE DIRECTLY.
# yarn lockfile v1


"@microsoft/api-documenter@^1.5.10":
  version "1.5.10"
  resolved "http://npm-registry.qunhequnhe.com/@microsoft/api-documenter/download/@microsoft/api-documenter-1.5.10.tgz#e1d7f505f7a3d9e61d1682bc576c335682a38e79"
  dependencies:
    "@microsoft/api-extractor" "5.10.3"
    "@microsoft/node-core-library" "2.1.0"
    "@microsoft/ts-command-line" "4.2.0"
    colors "~1.2.1"
    js-yaml "~3.9.1"

"@microsoft/api-extractor@5.10.3", "@microsoft/api-extractor@^5.10.3":
  version "5.10.3"
  resolved "http://npm-registry.qunhequnhe.com/@microsoft/api-extractor/download/@microsoft/api-extractor-5.10.3.tgz#d6c3db3b7ec00c25254e5d3509dc95337b290d56"
  dependencies:
    "@microsoft/node-core-library" "2.1.0"
    "@microsoft/ts-command-line" "4.2.0"
    "@types/node" "8.5.8"
    "@types/z-schema" "3.16.31"
    colors "~1.2.1"
    jju "~1.3.0"
    lodash "~4.17.5"
    typescript "~2.4.1"
    z-schema "~3.18.3"

"@microsoft/node-core-library@2.1.0":
  version "2.1.0"
  resolved "http://npm-registry.qunhequnhe.com/@microsoft/node-core-library/download/@microsoft/node-core-library-2.1.0.tgz#0d898d6625fbda72861233934a198f742f991d87"
  dependencies:
    "@types/fs-extra" "5.0.1"
    "@types/node" "8.5.8"
    "@types/z-schema" "3.16.31"
    fs-extra "~5.0.0"
    jju "~1.3.0"
    z-schema "~3.18.3"

"@microsoft/ts-command-line@4.2.0":
  version "4.2.0"
  resolved "http://npm-registry.qunhequnhe.com/@microsoft/ts-command-line/download/@microsoft/ts-command-line-4.2.0.tgz#69b3901d32180e3a0883060fbe811eeedc471737"
  dependencies:
    "@types/argparse" "1.0.33"
    "@types/node" "8.5.8"
    argparse "~1.0.9"
    colors "~1.2.1"

"@types/argparse@1.0.33":
  version "1.0.33"
  resolved "http://npm-registry.qunhequnhe.com/@types/argparse/download/@types/argparse-1.0.33.tgz#2728669427cdd74a99e53c9f457ca2866a37c52d"

"@types/fs-extra@5.0.1":
  version "5.0.1"
  resolved "http://npm-registry.qunhequnhe.com/@types/fs-extra/download/@types/fs-extra-5.0.1.tgz#cd856fbbdd6af2c11f26f8928fd8644c9e9616c9"
  dependencies:
    "@types/node" "*"

"@types/node@*":
  version "10.7.1"
  resolved "http://npm-registry.qunhequnhe.com/@types/node/download/@types/node-10.7.1.tgz#b704d7c259aa40ee052eec678758a68d07132a2e"

"@types/node@8.5.8":
  version "8.5.8"
  resolved "http://npm-registry.qunhequnhe.com/@types/node/download/@types/node-8.5.8.tgz#92509422653f10e9c0ac18d87e0610b39f9821c7"

"@types/z-schema@3.16.31":
  version "3.16.31"
  resolved "http://npm-registry.qunhequnhe.com/@types/z-schema/download/@types/z-schema-3.16.31.tgz#2eb1d00a5e4ec3fa58c76afde12e182b66dc5c1c"

argparse@^1.0.7, argparse@~1.0.9:
  version "1.0.10"
  resolved "http://npm-registry.qunhequnhe.com/argparse/download/argparse-1.0.10.tgz#bcd6791ea5ae09725e17e5ad988134cd40b3d911"
  dependencies:
    sprintf-js "~1.0.2"

colors@~1.2.1:
  version "1.2.5"
  resolved "http://npm-registry.qunhequnhe.com/colors/download/colors-1.2.5.tgz#89c7ad9a374bc030df8013241f68136ed8835afc"

commander@^2.7.1:
  version "2.17.1"
  resolved "http://npm-registry.qunhequnhe.com/commander/download/commander-2.17.1.tgz#bd77ab7de6de94205ceacc72f1716d29f20a77bf"

esprima@^4.0.0:
  version "4.0.1"
  resolved "http://npm-registry.qunhequnhe.com/esprima/download/esprima-4.0.1.tgz#13b04cdb3e6c5d19df91ab6987a8695619b0aa71"

fs-extra@~5.0.0:
  version "5.0.0"
  resolved "http://npm-registry.qunhequnhe.com/fs-extra/download/fs-extra-5.0.0.tgz#414d0110cdd06705734d055652c5411260c31abd"
  dependencies:
    graceful-fs "^4.1.2"
    jsonfile "^4.0.0"
    universalify "^0.1.0"

graceful-fs@^4.1.2, graceful-fs@^4.1.6:
  version "4.1.11"
  resolved "http://npm-registry.qunhequnhe.com/graceful-fs/download/graceful-fs-4.1.11.tgz#0e8bdfe4d1ddb8854d64e04ea7c00e2a026e5658"

jju@~1.3.0:
  version "1.3.0"
  resolved "http://npm-registry.qunhequnhe.com/jju/download/jju-1.3.0.tgz#dadd9ef01924bc728b03f2f7979bdbd62f7a2aaa"

js-yaml@~3.9.1:
  version "3.9.1"
  resolved "http://npm-registry.qunhequnhe.com/js-yaml/download/js-yaml-3.9.1.tgz#08775cebdfdd359209f0d2acd383c8f86a6904a0"
  dependencies:
    argparse "^1.0.7"
    esprima "^4.0.0"

jsonfile@^4.0.0:
  version "4.0.0"
  resolved "http://npm-registry.qunhequnhe.com/jsonfile/download/jsonfile-4.0.0.tgz#8771aae0799b64076b76640fca058f9c10e33ecb"
  optionalDependencies:
    graceful-fs "^4.1.6"

lodash.get@^4.0.0:
  version "4.4.2"
  resolved "http://npm-registry.qunhequnhe.com/lodash.get/download/lodash.get-4.4.2.tgz#2d177f652fa31e939b4438d5341499dfa3825e99"

lodash.isequal@^4.0.0:
  version "4.5.0"
  resolved "http://npm-registry.qunhequnhe.com/lodash.isequal/download/lodash.isequal-4.5.0.tgz#415c4478f2bcc30120c22ce10ed3226f7d3e18e0"

lodash@~4.17.5:
  version "4.17.10"
  resolved "http://npm-registry.qunhequnhe.com/lodash/download/lodash-4.17.10.tgz#1b7793cf7259ea38fb3661d4d38b3260af8ae4e7"

sprintf-js@~1.0.2:
  version "1.0.3"
  resolved "http://npm-registry.qunhequnhe.com/sprintf-js/download/sprintf-js-1.0.3.tgz#04e6926f662895354f3dd015203633b857297e2c"

typescript@^3.0.1:
  version "3.0.1"
  resolved "http://npm-registry.qunhequnhe.com/typescript/download/typescript-3.0.1.tgz#43738f29585d3a87575520a4b93ab6026ef11fdb"

typescript@~2.4.1:
  version "2.4.2"
  resolved "http://npm-registry.qunhequnhe.com/typescript/download/typescript-2.4.2.tgz#f8395f85d459276067c988aa41837a8f82870844"

universalify@^0.1.0:
  version "0.1.2"
  resolved "http://npm-registry.qunhequnhe.com/universalify/download/universalify-0.1.2.tgz#b646f69be3942dabcecc9d6639c80dc105efaa66"

validator@^8.0.0:
  version "8.2.0"
  resolved "http://npm-registry.qunhequnhe.com/validator/download/validator-8.2.0.tgz#3c1237290e37092355344fef78c231249dab77b9"

z-schema@~3.18.3:
  version "3.18.4"
  resolved "http://npm-registry.qunhequnhe.com/z-schema/download/z-schema-3.18.4.tgz#ea8132b279533ee60be2485a02f7e3e42541a9a2"
  dependencies:
    lodash.get "^4.0.0"
    lodash.isequal "^4.0.0"
    validator "^8.0.0"
  optionalDependencies:
    commander "^2.7.1"
